
Microsoft Visual Studio Solution File, Format Version 12.00
# Visual Studio 15
Project("{FAE04EC0-301F-11D3-BF4B-00C04F79EFBC}") = "Assembly-CSharp", "Assembly-CSharp.csproj", "{443AE9D8-CF5E-067E-4D2E-1CC51F855D4D}"
EndProject
Global
	GlobalSection(SolutionConfigurationPlatforms) = preSolution
		Debug|Any CPU = Debug|Any CPU
		Release|Any CPU = Release|Any CPU
	EndGlobalSection
	GlobalSection(ProjectConfigurationPlatforms) = postSolution
		{443AE9D8-CF5E-067E-4D2E-1CC51F855D4D}.Debug|Any CPU.ActiveCfg = Debug|Any CPU
		{443AE9D8-CF5E-067E-4D2E-1CC51F855D4D}.Debug|Any CPU.Build.0 = Debug|Any CPU
		{443AE9D8-CF5E-067E-4D2E-1CC51F855D4D}.Release|Any CPU.ActiveCfg = Release|Any CPU
		{443AE9D8-CF5E-067E-4D2E-1CC51F855D4D}.Release|Any CPU.Build.0 = Release|Any CPU
	EndGlobalSection
	GlobalSection(SolutionProperties) = preSolution
		HideSolutionNode = FALSE
	EndGlobalSection
EndGlobal
